
Microsoft Visual Studio Solution File, Format Version 12.00
# Visual Studio Version 17
VisualStudioVersion = 17.6.33815.320
MinimumVisualStudioVersion = 10.0.40219.1
Project("{9A19103F-16F7-4668-BE54-9A1E7A4F7556}") = "BusinessLogic", "BusinessLogic\BusinessLogic.csproj", "{2E521AF2-C8BF-4AE2-8641-F8B79B77C12C}"
EndProject
Project("{FAE04EC0-301F-11D3-BF4B-00C04F79EFBC}") = "PDVApp.Api", "PDVApp.Api\PDVApp.Api.csproj", "{B686FF9B-FEDA-448E-A611-6864411B621D}"
EndProject
Global
	GlobalSection(SolutionConfigurationPlatforms) = preSolution
		Debug|Any CPU = Debug|Any CPU
		Release|Any CPU = Release|Any CPU
	EndGlobalSection
	GlobalSection(ProjectConfigurationPlatforms) = postSolution
		{2E521AF2-C8BF-4AE2-8641-F8B79B77C12C}.Debug|Any CPU.ActiveCfg = Debug|Any CPU
		{2E521AF2-C8BF-4AE2-8641-F8B79B77C12C}.Debug|Any CPU.Build.0 = Debug|Any CPU
		{2E521AF2-C8BF-4AE2-8641-F8B79B77C12C}.Release|Any CPU.ActiveCfg = Release|Any CPU
		{2E521AF2-C8BF-4AE2-8641-F8B79B77C12C}.Release|Any CPU.Build.0 = Release|Any CPU
		{B686FF9B-FEDA-448E-A611-6864411B621D}.Debug|Any CPU.ActiveCfg = Debug|Any CPU
		{B686FF9B-FEDA-448E-A611-6864411B621D}.Debug|Any CPU.Build.0 = Debug|Any CPU
		{B686FF9B-FEDA-448E-A611-6864411B621D}.Release|Any CPU.ActiveCfg = Release|Any CPU
		{B686FF9B-FEDA-448E-A611-6864411B621D}.Release|Any CPU.Build.0 = Release|Any CPU
	EndGlobalSection
	GlobalSection(SolutionProperties) = preSolution
		HideSolutionNode = FALSE
	EndGlobalSection
	GlobalSection(ExtensibilityGlobals) = postSolution
		SolutionGuid = {22E93F0A-D5B4-4F70-A00E-DDF2949ABBB8}
	EndGlobalSection
EndGlobal
